
Microsoft Visual Studio Solution File, Format Version 12.00
# Visual Studio Version 16
VisualStudioVersion = 16.0.28803.202
MinimumVisualStudioVersion = 10.0.40219.1
Project("{FAE04EC0-301F-11D3-BF4B-00C04F79EFBC}") = "OnlineRPGClient", "OnlineRPGClient.csproj", "{CECE410B-2F6C-4525-A600-99D242502274}"
EndProject
Global
	GlobalSection(SolutionConfigurationPlatforms) = preSolution
		Debug|Any CPU = Debug|Any CPU
		Release|Any CPU = Release|Any CPU
	EndGlobalSection
	GlobalSection(ProjectConfigurationPlatforms) = postSolution
		{CECE410B-2F6C-4525-A600-99D242502274}.Debug|Any CPU.ActiveCfg = Debug|Any CPU
		{CECE410B-2F6C-4525-A600-99D242502274}.Debug|Any CPU.Build.0 = Debug|Any CPU
		{CECE410B-2F6C-4525-A600-99D242502274}.Release|Any CPU.ActiveCfg = Release|Any CPU
		{CECE410B-2F6C-4525-A600-99D242502274}.Release|Any CPU.Build.0 = Release|Any CPU
	EndGlobalSection
	GlobalSection(SolutionProperties) = preSolution
		HideSolutionNode = FALSE
	EndGlobalSection
	GlobalSection(ExtensibilityGlobals) = postSolution
		SolutionGuid = {97E9EB43-68CA-4659-86F5-C1FE42EBB298}
	EndGlobalSection
EndGlobal
