
Microsoft Visual Studio Solution File, Format Version 12.00
# Visual Studio Version 16
VisualStudioVersion = 16.0.28803.202
MinimumVisualStudioVersion = 10.0.40219.1
Project("{FAE04EC0-301F-11D3-BF4B-00C04F79EFBC}") = "OnlineRPGServerV1", "OnlineRPGServerV1.csproj", "{BA9A2D79-9BB7-47EF-B91A-A309DF6FDA6B}"
EndProject
Global
	GlobalSection(SolutionConfigurationPlatforms) = preSolution
		Debug|Any CPU = Debug|Any CPU
		Release|Any CPU = Release|Any CPU
	EndGlobalSection
	GlobalSection(ProjectConfigurationPlatforms) = postSolution
		{BA9A2D79-9BB7-47EF-B91A-A309DF6FDA6B}.Debug|Any CPU.ActiveCfg = Debug|Any CPU
		{BA9A2D79-9BB7-47EF-B91A-A309DF6FDA6B}.Debug|Any CPU.Build.0 = Debug|Any CPU
		{BA9A2D79-9BB7-47EF-B91A-A309DF6FDA6B}.Release|Any CPU.ActiveCfg = Release|Any CPU
		{BA9A2D79-9BB7-47EF-B91A-A309DF6FDA6B}.Release|Any CPU.Build.0 = Release|Any CPU
	EndGlobalSection
	GlobalSection(SolutionProperties) = preSolution
		HideSolutionNode = FALSE
	EndGlobalSection
	GlobalSection(ExtensibilityGlobals) = postSolution
		SolutionGuid = {5F01AA60-8C59-4D42-849D-0BE086786085}
	EndGlobalSection
EndGlobal
